// !$*UTF8*$!
{
	archiveVersion = 1;
	classes = {
	};
	objectVersion = 46;
	objects = {

/* Begin PBXBuildFile section */
		A829F9FE1C9FA62800FA9809 /* AppDelegate.swift in Sources */ = {isa = PBXBuildFile; fileRef = A829F9FD1C9FA62800FA9809 /* AppDelegate.swift */; };
		A829FA001C9FA62800FA9809 /* ViewController.swift in Sources */ = {isa = PBXBuildFile; fileRef = A829F9FF1C9FA62800FA9809 /* ViewController.swift */; };
		A829FA031C9FA62800FA9809 /* Main.storyboard in Resources */ = {isa = PBXBuildFile; fileRef = A829FA011C9FA62800FA9809 /* Main.storyboard */; };
		A829FA051C9FA62800FA9809 /* Assets.xcassets in Resources */ = {isa = PBXBuildFile; fileRef = A829FA041C9FA62800FA9809 /* Assets.xcassets */; };
		A829FA081C9FA62800FA9809 /* LaunchScreen.storyboard in Resources */ = {isa = PBXBuildFile; fileRef = A829FA061C9FA62800FA9809 /* LaunchScreen.storyboard */; };
		A829FA131C9FA62800FA9809 /* SuperCoolTests.swift in Sources */ = {isa = PBXBuildFile; fileRef = A829FA121C9FA62800FA9809 /* SuperCoolTests.swift */; };
		A829FA1E1C9FA62800FA9809 /* SuperCoolUITests.swift in Sources */ = {isa = PBXBuildFile; fileRef = A829FA1D1C9FA62800FA9809 /* SuperCoolUITests.swift */; };
/* End PBXBuildFile section */

/* Begin PBXContainerItemProxy section */
		A829FA0F1C9FA62800FA9809 /* PBXContainerItemProxy */ = {
			isa = PBXContainerItemProxy;
			containerPortal = A829F9F21C9FA62800FA9809 /* Project object */;
			proxyType = 1;
			remoteGlobalIDString = A829F9F91C9FA62800FA9809;
			remoteInfo = SuperCool;
		};
		A829FA1A1C9FA62800FA9809 /* PBXContainerItemProxy */ = {
			isa = PBXContainerItemProxy;
			containerPortal = A829F9F21C9FA62800FA9809 /* Project object */;
			proxyType = 1;
			remoteGlobalIDString = A829F9F91C9FA62800FA9809;
			remoteInfo = SuperCool;
		};
/* End PBXContainerItemProxy section */

/* Begin PBXFileReference section */
		A829F9FA1C9FA62800FA9809 /* SuperCool.app */ = {isa = PBXFileReference; explicitFileType = wrapper.application; includeInIndex = 0; path = SuperCool.app; sourceTree = BUILT_PRODUCTS_DIR; };
		A829F9FD1C9FA62800FA9809 /* AppDelegate.swift */ = {isa = PBXFileReference; lastKnownFileType = sourcecode.swift; path = AppDelegate.swift; sourceTree = "<group>"; };
		A829F9FF1C9FA62800FA9809 /* ViewController.swift */ = {isa = PBXFileReference; lastKnownFileType = sourcecode.swift; path = ViewController.swift; sourceTree = "<group>"; };
		A829FA021C9FA62800FA9809 /* Base */ = {isa = PBXFileReference; lastKnownFileType = file.storyboard; name = Base; path = Base.lproj/Main.storyboard; sourceTree = "<group>"; };
		A829FA041C9FA62800FA9809 /* Assets.xcassets */ = {isa = PBXFileReference; lastKnownFileType = folder.assetcatalog; path = Assets.xcassets; sourceTree = "<group>"; };
		A829FA071C9FA62800FA9809 /* Base */ = {isa = PBXFileReference; lastKnownFileType = file.storyboard; name = Base; path = Base.lproj/LaunchScreen.storyboard; sourceTree = "<group>"; };
		A829FA091C9FA62800FA9809 /* Info.plist */ = {isa = PBXFileReference; lastKnownFileType = text.plist.xml; path = Info.plist; sourceTree = "<group>"; };
		A829FA0E1C9FA62800FA9809 /* SuperCoolTests.xctest */ = {isa = PBXFileReference; explicitFileType = wrapper.cfbundle; includeInIndex = 0; path = SuperCoolTests.xctest; sourceTree = BUILT_PRODUCTS_DIR; };
		A829FA121C9FA62800FA9809 /* SuperCoolTests.swift */ = {isa = PBXFileReference; lastKnownFileType = sourcecode.swift; path = SuperCoolTests.swift; sourceTree = "<group>"; };
		A829FA141C9FA62800FA9809 /* Info.plist */ = {isa = PBXFileReference; lastKnownFileType = text.plist.xml; path = Info.plist; sourceTree = "<group>"; };
		A829FA191C9FA62800FA9809 /* SuperCoolUITests.xctest */ = {isa = PBXFileReference; explicitFileType = wrapper.cfbundle; includeInIndex = 0; path = SuperCoolUITests.xctest; sourceTree = BUILT_PRODUCTS_DIR; };
		A829FA1D1C9FA62800FA9809 /* SuperCoolUITests.swift */ = {isa = PBXFileReference; lastKnownFileType = sourcecode.swift; path = SuperCoolUITests.swift; sourceTree = "<group>"; };
		A829FA1F1C9FA62800FA9809 /* Info.plist */ = {isa = PBXFileReference; lastKnownFileType = text.plist.xml; path = Info.plist; sourceTree = "<group>"; };
/* End PBXFileReference section */

/* Begin PBXFrameworksBuildPhase section */
		A829F9F71C9FA62800FA9809 /* Frameworks */ = {
			isa = PBXFrameworksBuildPhase;
			buildActionMask = 2147483647;
			files = (
			);
			runOnlyForDeploymentPostprocessing = 0;
		};
		A829FA0B1C9FA62800FA9809 /* Frameworks */ = {
			isa = PBXFrameworksBuildPhase;
			buildActionMask = 2147483647;
			files = (
			);
			runOnlyForDeploymentPostprocessing = 0;
		};
		A829FA161C9FA62800FA9809 /* Frameworks */ = {
			isa = PBXFrameworksBuildPhase;
			buildActionMask = 2147483647;
			files = (
			);
			runOnlyForDeploymentPostprocessing = 0;
		};
/* End PBXFrameworksBuildPhase section */

/* Begin PBXGroup section */
		A829F9F11C9FA62800FA9809 = {
			isa = PBXGroup;
			children = (
				A829F9FC1C9FA62800FA9809 /* SuperCool */,
				A829FA111C9FA62800FA9809 /* SuperCoolTests */,
				A829FA1C1C9FA62800FA9809 /* SuperCoolUITests */,
				A829F9FB1C9FA62800FA9809 /* Products */,
			);
			sourceTree = "<group>";
		};
		A829F9FB1C9FA62800FA9809 /* Products */ = {
			isa = PBXGroup;
			children = (
				A829F9FA1C9FA62800FA9809 /* SuperCool.app */,
				A829FA0E1C9FA62800FA9809 /* SuperCoolTests.xctest */,
				A829FA191C9FA62800FA9809 /* SuperCoolUITests.xctest */,
			);
			name = Products;
			sourceTree = "<group>";
		};
		A829F9FC1C9FA62800FA9809 /* SuperCool */ = {
			isa = PBXGroup;
			children = (
				A829F9FD1C9FA62800FA9809 /* AppDelegate.swift */,
				A829F9FF1C9FA62800FA9809 /* ViewController.swift */,
				A829FA011C9FA62800FA9809 /* Main.storyboard */,
				A829FA041C9FA62800FA9809 /* Assets.xcassets */,
				A829FA061C9FA62800FA9809 /* LaunchScreen.storyboard */,
				A829FA091C9FA62800FA9809 /* Info.plist */,
			);
			path = SuperCool;
			sourceTree = "<group>";
		};
		A829FA111C9FA62800FA9809 /* SuperCoolTests */ = {
			isa = PBXGroup;
			children = (
				A829FA121C9FA62800FA9809 /* SuperCoolTests.swift */,
				A829FA141C9FA62800FA9809 /* Info.plist */,
			);
			path = SuperCoolTests;
			sourceTree = "<group>";
		};
		A829FA1C1C9FA62800FA9809 /* SuperCoolUITests */ = {
			isa = PBXGroup;
			children = (
				A829FA1D1C9FA62800FA9809 /* SuperCoolUITests.swift */,
				A829FA1F1C9FA62800FA9809 /* Info.plist */,
			);
			path = SuperCoolUITests;
			sourceTree = "<group>";
		};
/* End PBXGroup section */

/* Begin PBXNativeTarget section */
		A829F9F91C9FA62800FA9809 /* SuperCool */ = {
			isa = PBXNativeTarget;
			buildConfigurationList = A829FA221C9FA62800FA9809 /* Build configuration list for PBXNativeTarget "SuperCool" */;
			buildPhases = (
				A829F9F61C9FA62800FA9809 /* Sources */,
				A829F9F71C9FA62800FA9809 /* Frameworks */,
				A829F9F81C9FA62800FA9809 /* Resources */,
			);
			buildRules = (
			);
			dependencies = (
			);
			name = SuperCool;
			productName = SuperCool;
			productReference = A829F9FA1C9FA62800FA9809 /* SuperCool.app */;
			productType = "com.apple.product-type.application";
		};
		A829FA0D1C9FA62800FA9809 /* SuperCoolTests */ = {
			isa = PBXNativeTarget;
			buildConfigurationList = A829FA251C9FA62800FA9809 /* Build configuration list for PBXNativeTarget "SuperCoolTests" */;
			buildPhases = (
				A829FA0A1C9FA62800FA9809 /* Sources */,
				A829FA0B1C9FA62800FA9809 /* Frameworks */,
				A829FA0C1C9FA62800FA9809 /* Resources */,
			);
			buildRules = (
			);
			dependencies = (
				A829FA101C9FA62800FA9809 /* PBXTargetDependency */,
			);
			name = SuperCoolTests;
			productName = SuperCoolTests;
			productReference = A829FA0E1C9FA62800FA9809 /* SuperCoolTests.xctest */;
			productType = "com.apple.product-type.bundle.unit-test";
		};
		A829FA181C9FA62800FA9809 /* SuperCoolUITests */ = {
			isa = PBXNativeTarget;
			buildConfigurationList = A829FA281C9FA62800FA9809 /* Build configuration list for PBXNativeTarget "SuperCoolUITests" */;
			buildPhases = (
				A829FA151C9FA62800FA9809 /* Sources */,
				A829FA161C9FA62800FA9809 /* Frameworks */,
				A829FA171C9FA62800FA9809 /* Resources */,
			);
			buildRules = (
			);
			dependencies = (
				A829FA1B1C9FA62800FA9809 /* PBXTargetDependency */,
			);
			name = SuperCoolUITests;
			productName = SuperCoolUITests;
			productReference = A829FA191C9FA62800FA9809 /* SuperCoolUITests.xctest */;
			productType = "com.apple.product-type.bundle.ui-testing";
		};
/* End PBXNativeTarget section */

/* Begin PBXProject section */
		A829F9F21C9FA62800FA9809 /* Project object */ = {
			isa = PBXProject;
			attributes = {
				LastSwiftUpdateCheck = 0720;
				LastUpgradeCheck = 0720;
				ORGANIZATIONNAME = jaqgCo;
				TargetAttributes = {
					A829F9F91C9FA62800FA9809 = {
						CreatedOnToolsVersion = 7.2.1;
					};
					A829FA0D1C9FA62800FA9809 = {
						CreatedOnToolsVersion = 7.2.1;
						TestTargetID = A829F9F91C9FA62800FA9809;
					};
					A829FA181C9FA62800FA9809 = {
						CreatedOnToolsVersion = 7.2.1;
						TestTargetID = A829F9F91C9FA62800FA9809;
					};
				};
			};
			buildConfigurationList = A829F9F51C9FA62800FA9809 /* Build configuration list for PBXProject "SuperCool" */;
			compatibilityVersion = "Xcode 3.2";
			developmentRegion = English;
			hasScannedForEncodings = 0;
			knownRegions = (
				en,
				Base,
			);
			mainGroup = A829F9F11C9FA62800FA9809;
			productRefGroup = A829F9FB1C9FA62800FA9809 /* Products */;
			projectDirPath = "";
			projectRoot = "";
			targets = (
				A829F9F91C9FA62800FA9809 /* SuperCool */,
				A829FA0D1C9FA62800FA9809 /* SuperCoolTests */,
				A829FA181C9FA62800FA9809 /* SuperCoolUITests */,
			);
		};
/* End PBXProject section */

/* Begin PBXResourcesBuildPhase section */
		A829F9F81C9FA62800FA9809 /* Resources */ = {
			isa = PBXResourcesBuildPhase;
			buildActionMask = 2147483647;
			files = (
				A829FA081C9FA62800FA9809 /* LaunchScreen.storyboard in Resources */,
				A829FA051C9FA62800FA9809 /* Assets.xcassets in Resources */,
				A829FA031C9FA62800FA9809 /* Main.storyboard in Resources */,
			);
			runOnlyForDeploymentPostprocessing = 0;
		};
		A829FA0C1C9FA62800FA9809 /* Resources */ = {
			isa = PBXResourcesBuildPhase;
			buildActionMask = 2147483647;
			files = (
			);
			runOnlyForDeploymentPostprocessing = 0;
		};
		A829FA171C9FA62800FA9809 /* Resources */ = {
			isa = PBXResourcesBuildPhase;
			buildActionMask = 2147483647;
			files = (
			);
			runOnlyForDeploymentPostprocessing = 0;
		};
/* End PBXResourcesBuildPhase section */

/* Begin PBXSourcesBuildPhase section */
		A829F9F61C9FA62800FA9809 /* Sources */ = {
			isa = PBXSourcesBuildPhase;
			buildActionMask = 2147483647;
			files = (
				A829FA001C9FA62800FA9809 /* ViewController.swift in Sources */,
				A829F9FE1C9FA62800FA9809 /* AppDelegate.swift in Sources */,
			);
			runOnlyForDeploymentPostprocessing = 0;
		};
		A829FA0A1C9FA62800FA9809 /* Sources */ = {
			isa = PBXSourcesBuildPhase;
			buildActionMask = 2147483647;
			files = (
				A829FA131C9FA62800FA9809 /* SuperCoolTests.swift in Sources */,
			);
			runOnlyForDeploymentPostprocessing = 0;
		};
		A829FA151C9FA62800FA9809 /* Sources */ = {
			isa = PBXSourcesBuildPhase;
			buildActionMask = 2147483647;
			files = (
				A829FA1E1C9FA62800FA9809 /* SuperCoolUITests.swift in Sources */,
			);
			runOnlyForDeploymentPostprocessing = 0;
		};
/* End PBXSourcesBuildPhase section */

/* Begin PBXTargetDependency section */
		A829FA101C9FA62800FA9809 /* PBXTargetDependency */ = {
			isa = PBXTargetDependency;
			target = A829F9F91C9FA62800FA9809 /* SuperCool */;
			targetProxy = A829FA0F1C9FA62800FA9809 /* PBXContainerItemProxy */;
		};
		A829FA1B1C9FA62800FA9809 /* PBXTargetDependency */ = {
			isa = PBXTargetDependency;
			target = A829F9F91C9FA62800FA9809 /* SuperCool */;
			targetProxy = A829FA1A1C9FA62800FA9809 /* PBXContainerItemProxy */;
		};
/* End PBXTargetDependency section */

/* Begin PBXVariantGroup section */
		A829FA011C9FA62800FA9809 /* Main.storyboard */ = {
			isa = PBXVariantGroup;
			children = (
				A829FA021C9FA62800FA9809 /* Base */,
			);
			name = Main.storyboard;
			sourceTree = "<group>";
		};
		A829FA061C9FA62800FA9809 /* LaunchScreen.storyboard */ = {
			isa = PBXVariantGroup;
			children = (
				A829FA071C9FA62800FA9809 /* Base */,
			);
			name = LaunchScreen.storyboard;
			sourceTree = "<group>";
		};
/* End PBXVariantGroup section */

/* Begin XCBuildConfiguration section */
		A829FA201C9FA62800FA9809 /* Debug */ = {
			isa = XCBuildConfiguration;
			buildSettings = {
				ALWAYS_SEARCH_USER_PATHS = NO;
				CLANG_CXX_LANGUAGE_STANDARD = "gnu++0x";
				CLANG_CXX_LIBRARY = "libc++";
				CLANG_ENABLE_MODULES = YES;
				CLANG_ENABLE_OBJC_ARC = YES;
				CLANG_WARN_BOOL_CONVERSION = YES;
				CLANG_WARN_CONSTANT_CONVERSION = YES;
				CLANG_WARN_DIRECT_OBJC_ISA_USAGE = YES_ERROR;
				CLANG_WARN_EMPTY_BODY = YES;
				CLANG_WARN_ENUM_CONVERSION = YES;
				CLANG_WARN_INT_CONVERSION = YES;
				CLANG_WARN_OBJC_ROOT_CLASS = YES_ERROR;
				CLANG_WARN_UNREACHABLE_CODE = YES;
				CLANG_WARN__DUPLICATE_METHOD_MATCH = YES;
				"CODE_SIGN_IDENTITY[sdk=iphoneos*]" = "iPhone Developer";
				COPY_PHASE_STRIP = NO;
				DEBUG_INFORMATION_FORMAT = dwarf;
				ENABLE_STRICT_OBJC_MSGSEND = YES;
				ENABLE_TESTABILITY = YES;
				GCC_C_LANGUAGE_STANDARD = gnu99;
				GCC_DYNAMIC_NO_PIC = NO;
				GCC_NO_COMMON_BLOCKS = YES;
				GCC_OPTIMIZATION_LEVEL = 0;
				GCC_PREPROCESSOR_DEFINITIONS = (
					"DEBUG=1",
					"$(inherited)",
				);
				GCC_WARN_64_TO_32_BIT_CONVERSION = YES;
				GCC_WARN_ABOUT_RETURN_TYPE = YES_ERROR;
				GCC_WARN_UNDECLARED_SELECTOR = YES;
				GCC_WARN_UNINITIALIZED_AUTOS = YES_AGGRESSIVE;
				GCC_WARN_UNUSED_FUNCTION = YES;
				GCC_WARN_UNUSED_VARIABLE = YES;
				IPHONEOS_DEPLOYMENT_TARGET = 9.2;
				MTL_ENABLE_DEBUG_INFO = YES;
				ONLY_ACTIVE_ARCH = YES;
				SDKROOT = iphoneos;
				SWIFT_OPTIMIZATION_LEVEL = "-Onone";
			};
			name = Debug;
		};
		A829FA211C9FA62800FA9809 /* Release */ = {
			isa = XCBuildConfiguration;
			buildSettings = {
				ALWAYS_SEARCH_USER_PATHS = NO;
				CLANG_CXX_LANGUAGE_STANDARD = "gnu++0x";
				CLANG_CXX_LIBRARY = "libc++";
				CLANG_ENABLE_MODULES = YES;
				CLANG_ENABLE_OBJC_ARC = YES;
				CLANG_WARN_BOOL_CONVERSION = YES;
				CLANG_WARN_CONSTANT_CONVERSION = YES;
				CLANG_WARN_DIRECT_OBJC_ISA_USAGE = YES_ERROR;
				CLANG_WARN_EMPTY_BODY = YES;
				CLANG_WARN_ENUM_CONVERSION = YES;
				CLANG_WARN_INT_CONVERSION = YES;
				CLANG_WARN_OBJC_ROOT_CLASS = YES_ERROR;
				CLANG_WARN_UNREACHABLE_CODE = YES;
				CLANG_WARN__DUPLICATE_METHOD_MATCH = YES;
				"CODE_SIGN_IDENTITY[sdk=iphoneos*]" = "iPhone Developer";
				COPY_PHASE_STRIP = NO;
				DEBUG_INFORMATION_FORMAT = "dwarf-with-dsym";
				ENABLE_NS_ASSERTIONS = NO;
				ENABLE_STRICT_OBJC_MSGSEND = YES;
				GCC_C_LANGUAGE_STANDARD = gnu99;
				GCC_NO_COMMON_BLOCKS = YES;
				GCC_WARN_64_TO_32_BIT_CONVERSION = YES;
				GCC_WARN_ABOUT_RETURN_TYPE = YES_ERROR;
				GCC_WARN_UNDECLARED_SELECTOR = YES;
				GCC_WARN_UNINITIALIZED_AUTOS = YES_AGGRESSIVE;
				GCC_WARN_UNUSED_FUNCTION = YES;
				GCC_WARN_UNUSED_VARIABLE = YES;
				IPHONEOS_DEPLOYMENT_TARGET = 9.2;
				MTL_ENABLE_DEBUG_INFO = NO;
				SDKROOT = iphoneos;
				VALIDATE_PRODUCT = YES;
			};
			name = Release;
		};
		A829FA231C9FA62800FA9809 /* Debug */ = {
			isa = XCBuildConfiguration;
			buildSettings = {
				ASSETCATALOG_COMPILER_APPICON_NAME = AppIcon;
				INFOPLIST_FILE = SuperCool/Info.plist;
				LD_RUNPATH_SEARCH_PATHS = "$(inherited) @executable_path/Frameworks";
				PRODUCT_BUNDLE_IDENTIFIER = com.jaqgCo.SuperCool;
				PRODUCT_NAME = "$(TARGET_NAME)";
			};
			name = Debug;
		};
		A829FA241C9FA62800FA9809 /* Release */ = {
			isa = XCBuildConfiguration;
			buildSettings = {
				ASSETCATALOG_COMPILER_APPICON_NAME = AppIcon;
				INFOPLIST_FILE = SuperCool/Info.plist;
				LD_RUNPATH_SEARCH_PATHS = "$(inherited) @executable_path/Frameworks";
				PRODUCT_BUNDLE_IDENTIFIER = com.jaqgCo.SuperCool;
				PRODUCT_NAME = "$(TARGET_NAME)";
			};
			name = Release;
		};
		A829FA261C9FA62800FA9809 /* Debug */ = {
			isa = XCBuildConfiguration;
			buildSettings = {
				BUNDLE_LOADER = "$(TEST_HOST)";
				INFOPLIST_FILE = SuperCoolTests/Info.plist;
				LD_RUNPATH_SEARCH_PATHS = "$(inherited) @executable_path/Frameworks @loader_path/Frameworks";
				PRODUCT_BUNDLE_IDENTIFIER = com.jaqgCo.SuperCoolTests;
				PRODUCT_NAME = "$(TARGET_NAME)";
				TEST_HOST = "$(BUILT_PRODUCTS_DIR)/SuperCool.app/SuperCool";
			};
			name = Debug;
		};
		A829FA271C9FA62800FA9809 /* Release */ = {
			isa = XCBuildConfiguration;
			buildSettings = {
				BUNDLE_LOADER = "$(TEST_HOST)";
				INFOPLIST_FILE = SuperCoolTests/Info.plist;
				LD_RUNPATH_SEARCH_PATHS = "$(inherited) @executable_path/Frameworks @loader_path/Frameworks";
				PRODUCT_BUNDLE_IDENTIFIER = com.jaqgCo.SuperCoolTests;
				PRODUCT_NAME = "$(TARGET_NAME)";
				TEST_HOST = "$(BUILT_PRODUCTS_DIR)/SuperCool.app/SuperCool";
			};
			name = Release;
		};
		A829FA291C9FA62800FA9809 /* Debug */ = {
			isa = XCBuildConfiguration;
			buildSettings = {
				INFOPLIST_FILE = SuperCoolUITests/Info.plist;
				LD_RUNPATH_SEARCH_PATHS = "$(inherited) @executable_path/Frameworks @loader_path/Frameworks";
				PRODUCT_BUNDLE_IDENTIFIER = com.jaqgCo.SuperCoolUITests;
				PRODUCT_NAME = "$(TARGET_NAME)";
				TEST_TARGET_NAME = SuperCool;
				USES_XCTRUNNER = YES;
			};
			name = Debug;
		};
		A829FA2A1C9FA62800FA9809 /* Release */ = {
			isa = XCBuildConfiguration;
			buildSettings = {
				INFOPLIST_FILE = SuperCoolUITests/Info.plist;
				LD_RUNPATH_SEARCH_PATHS = "$(inherited) @executable_path/Frameworks @loader_path/Frameworks";
				PRODUCT_BUNDLE_IDENTIFIER = com.jaqgCo.SuperCoolUITests;
				PRODUCT_NAME = "$(TARGET_NAME)";
				TEST_TARGET_NAME = SuperCool;
				USES_XCTRUNNER = YES;
			};
			name = Release;
		};
/* End XCBuildConfiguration section */

/* Begin XCConfigurationList section */
		A829F9F51C9FA62800FA9809 /* Build configuration list for PBXProject "SuperCool" */ = {
			isa = XCConfigurationList;
			buildConfigurations = (
				A829FA201C9FA62800FA9809 /* Debug */,
				A829FA211C9FA62800FA9809 /* Release */,
			);
			defaultConfigurationIsVisible = 0;
			defaultConfigurationName = Release;
		};
		A829FA221C9FA62800FA9809 /* Build configuration list for PBXNativeTarget "SuperCool" */ = {
			isa = XCConfigurationList;
			buildConfigurations = (
				A829FA231C9FA62800FA9809 /* Debug */,
				A829FA241C9FA62800FA9809 /* Release */,
			);
			defaultConfigurationIsVisible = 0;
		};
		A829FA251C9FA62800FA9809 /* Build configuration list for PBXNativeTarget "SuperCoolTests" */ = {
			isa = XCConfigurationList;
			buildConfigurations = (
				A829FA261C9FA62800FA9809 /* Debug */,
				A829FA271C9FA62800FA9809 /* Release */,
			);
			defaultConfigurationIsVisible = 0;
		};
		A829FA281C9FA62800FA9809 /* Build configuration list for PBXNativeTarget "SuperCoolUITests" */ = {
			isa = XCConfigurationList;
			buildConfigurations = (
				A829FA291C9FA62800FA9809 /* Debug */,
				A829FA2A1C9FA62800FA9809 /* Release */,
			);
			defaultConfigurationIsVisible = 0;
		};
/* End XCConfigurationList section */
	};
	rootObject = A829F9F21C9FA62800FA9809 /* Project object */;
}
